
Microsoft Visual Studio Solution File, Format Version 12.00
# Visual Studio 15
VisualStudioVersion = 15.0.28010.2019
MinimumVisualStudioVersion = 10.0.40219.1
Project("{9A19103F-16F7-4668-BE54-9A1E7A4F7556}") = "Ordina.Security", "Ordina.Security\Ordina.Security.csproj", "{91102D79-D49D-4535-A1D1-890B3E3FB0F0}"
EndProject
Project("{2150E333-8FDC-42A3-9474-1A3956D46DE8}") = "Clients", "Clients", "{D95B35B5-0960-4328-9732-1DBB608C4E0C}"
EndProject
Project("{2150E333-8FDC-42A3-9474-1A3956D46DE8}") = "Resources", "Resources", "{6468FDA7-FB84-4789-A6C4-6336781B57AE}"
EndProject
Project("{9A19103F-16F7-4668-BE54-9A1E7A4F7556}") = "Ordina.Client.MVC", "Clients\Ordina.Client.MVC\Ordina.Client.MVC.csproj", "{56E028C7-EEEB-47A6-B4EA-C6B1758B5749}"
EndProject
Project("{9A19103F-16F7-4668-BE54-9A1E7A4F7556}") = "Ordina.Api", "Resources\Ordina.Api\Ordina.Api.csproj", "{3B6B3618-D075-4FA6-B65D-B472E69E5E64}"
EndProject
Project("{FAE04EC0-301F-11D3-BF4B-00C04F79EFBC}") = "Ordina.Client.Angular", "Clients\Ordina.Client.Angular\Ordina.Client.Angular.csproj", "{3087BB3E-841D-4B64-A50B-E4BBAAD078B4}"
EndProject
Global
	GlobalSection(SolutionConfigurationPlatforms) = preSolution
		Debug|Any CPU = Debug|Any CPU
		Release|Any CPU = Release|Any CPU
	EndGlobalSection
	GlobalSection(ProjectConfigurationPlatforms) = postSolution
		{91102D79-D49D-4535-A1D1-890B3E3FB0F0}.Debug|Any CPU.ActiveCfg = Debug|Any CPU
		{91102D79-D49D-4535-A1D1-890B3E3FB0F0}.Debug|Any CPU.Build.0 = Debug|Any CPU
		{91102D79-D49D-4535-A1D1-890B3E3FB0F0}.Release|Any CPU.ActiveCfg = Release|Any CPU
		{91102D79-D49D-4535-A1D1-890B3E3FB0F0}.Release|Any CPU.Build.0 = Release|Any CPU
		{56E028C7-EEEB-47A6-B4EA-C6B1758B5749}.Debug|Any CPU.ActiveCfg = Debug|Any CPU
		{56E028C7-EEEB-47A6-B4EA-C6B1758B5749}.Debug|Any CPU.Build.0 = Debug|Any CPU
		{56E028C7-EEEB-47A6-B4EA-C6B1758B5749}.Release|Any CPU.ActiveCfg = Release|Any CPU
		{56E028C7-EEEB-47A6-B4EA-C6B1758B5749}.Release|Any CPU.Build.0 = Release|Any CPU
		{3B6B3618-D075-4FA6-B65D-B472E69E5E64}.Debug|Any CPU.ActiveCfg = Debug|Any CPU
		{3B6B3618-D075-4FA6-B65D-B472E69E5E64}.Debug|Any CPU.Build.0 = Debug|Any CPU
		{3B6B3618-D075-4FA6-B65D-B472E69E5E64}.Release|Any CPU.ActiveCfg = Release|Any CPU
		{3B6B3618-D075-4FA6-B65D-B472E69E5E64}.Release|Any CPU.Build.0 = Release|Any CPU
		{3087BB3E-841D-4B64-A50B-E4BBAAD078B4}.Debug|Any CPU.ActiveCfg = Debug|Any CPU
		{3087BB3E-841D-4B64-A50B-E4BBAAD078B4}.Debug|Any CPU.Build.0 = Debug|Any CPU
		{3087BB3E-841D-4B64-A50B-E4BBAAD078B4}.Release|Any CPU.ActiveCfg = Release|Any CPU
		{3087BB3E-841D-4B64-A50B-E4BBAAD078B4}.Release|Any CPU.Build.0 = Release|Any CPU
	EndGlobalSection
	GlobalSection(SolutionProperties) = preSolution
		HideSolutionNode = FALSE
	EndGlobalSection
	GlobalSection(NestedProjects) = preSolution
		{56E028C7-EEEB-47A6-B4EA-C6B1758B5749} = {D95B35B5-0960-4328-9732-1DBB608C4E0C}
		{3B6B3618-D075-4FA6-B65D-B472E69E5E64} = {6468FDA7-FB84-4789-A6C4-6336781B57AE}
		{3087BB3E-841D-4B64-A50B-E4BBAAD078B4} = {D95B35B5-0960-4328-9732-1DBB608C4E0C}
	EndGlobalSection
	GlobalSection(ExtensibilityGlobals) = postSolution
		SolutionGuid = {9298F2A1-4B0F-41BF-A0AA-B25B043A6988}
	EndGlobalSection
EndGlobal
