
Microsoft Visual Studio Solution File, Format Version 12.00
# Visual Studio 15
VisualStudioVersion = 15.0.28010.2019
MinimumVisualStudioVersion = 10.0.40219.1
Project("{9A19103F-16F7-4668-BE54-9A1E7A4F7556}") = "Ordina.Security", "Ordina.Security\Ordina.Security.csproj", "{91102D79-D49D-4535-A1D1-890B3E3FB0F0}"
EndProject
Project("{9A19103F-16F7-4668-BE54-9A1E7A4F7556}") = "Ordina.Client.MVC", "Ordina.Client.MVC\Ordina.Client.MVC.csproj", "{2C0801BD-D51B-4CF8-89DE-2C114DBDD1CB}"
EndProject
Project("{FAE04EC0-301F-11D3-BF4B-00C04F79EFBC}") = "Ordina.Api", "Ordina.Api\Ordina.Api.csproj", "{A61626E2-280F-44D4-BAC8-7F7E73933730}"
EndProject
Global
	GlobalSection(SolutionConfigurationPlatforms) = preSolution
		Debug|Any CPU = Debug|Any CPU
		Release|Any CPU = Release|Any CPU
	EndGlobalSection
	GlobalSection(ProjectConfigurationPlatforms) = postSolution
		{91102D79-D49D-4535-A1D1-890B3E3FB0F0}.Debug|Any CPU.ActiveCfg = Debug|Any CPU
		{91102D79-D49D-4535-A1D1-890B3E3FB0F0}.Debug|Any CPU.Build.0 = Debug|Any CPU
		{91102D79-D49D-4535-A1D1-890B3E3FB0F0}.Release|Any CPU.ActiveCfg = Release|Any CPU
		{91102D79-D49D-4535-A1D1-890B3E3FB0F0}.Release|Any CPU.Build.0 = Release|Any CPU
		{2C0801BD-D51B-4CF8-89DE-2C114DBDD1CB}.Debug|Any CPU.ActiveCfg = Debug|Any CPU
		{2C0801BD-D51B-4CF8-89DE-2C114DBDD1CB}.Debug|Any CPU.Build.0 = Debug|Any CPU
		{2C0801BD-D51B-4CF8-89DE-2C114DBDD1CB}.Release|Any CPU.ActiveCfg = Release|Any CPU
		{2C0801BD-D51B-4CF8-89DE-2C114DBDD1CB}.Release|Any CPU.Build.0 = Release|Any CPU
		{A61626E2-280F-44D4-BAC8-7F7E73933730}.Debug|Any CPU.ActiveCfg = Debug|Any CPU
		{A61626E2-280F-44D4-BAC8-7F7E73933730}.Debug|Any CPU.Build.0 = Debug|Any CPU
		{A61626E2-280F-44D4-BAC8-7F7E73933730}.Release|Any CPU.ActiveCfg = Release|Any CPU
		{A61626E2-280F-44D4-BAC8-7F7E73933730}.Release|Any CPU.Build.0 = Release|Any CPU
	EndGlobalSection
	GlobalSection(SolutionProperties) = preSolution
		HideSolutionNode = FALSE
	EndGlobalSection
	GlobalSection(ExtensibilityGlobals) = postSolution
		SolutionGuid = {9298F2A1-4B0F-41BF-A0AA-B25B043A6988}
	EndGlobalSection
EndGlobal
